
Microsoft Visual Studio Solution File, Format Version 12.00
# Visual Studio Version 17
VisualStudioVersion = 17.7.34003.232
MinimumVisualStudioVersion = 10.0.40219.1
Project("{FAE04EC0-301F-11D3-BF4B-00C04F79EFBC}") = "01_LayoutByXrefBlock", "01_LayoutByXrefBlock\01_LayoutByXrefBlock.csproj", "{4570FCF4-C1F4-407D-8495-E9E5D4F325E5}"
EndProject
Project("{FAE04EC0-301F-11D3-BF4B-00C04F79EFBC}") = "02_TextByCoordinate", "02_TextByCoordinate\02_TextByCoordinate.csproj", "{1C9CE28C-446D-46AF-9184-324E1DE4E6EC}"
EndProject
Project("{FAE04EC0-301F-11D3-BF4B-00C04F79EFBC}") = "03_DrawSectionBeam", "03_DrawSectionBeam\03_DrawSectionBeam.csproj", "{82F58CD1-B3B1-472E-ABDD-D27092F619DF}"
EndProject
Global
	GlobalSection(SolutionConfigurationPlatforms) = preSolution
		Debug|Any CPU = Debug|Any CPU
		Release|Any CPU = Release|Any CPU
	EndGlobalSection
	GlobalSection(ProjectConfigurationPlatforms) = postSolution
		{4570FCF4-C1F4-407D-8495-E9E5D4F325E5}.Debug|Any CPU.ActiveCfg = Debug|Any CPU
		{4570FCF4-C1F4-407D-8495-E9E5D4F325E5}.Debug|Any CPU.Build.0 = Debug|Any CPU
		{4570FCF4-C1F4-407D-8495-E9E5D4F325E5}.Release|Any CPU.ActiveCfg = Release|Any CPU
		{4570FCF4-C1F4-407D-8495-E9E5D4F325E5}.Release|Any CPU.Build.0 = Release|Any CPU
		{1C9CE28C-446D-46AF-9184-324E1DE4E6EC}.Debug|Any CPU.ActiveCfg = Debug|Any CPU
		{1C9CE28C-446D-46AF-9184-324E1DE4E6EC}.Debug|Any CPU.Build.0 = Debug|Any CPU
		{1C9CE28C-446D-46AF-9184-324E1DE4E6EC}.Release|Any CPU.ActiveCfg = Release|Any CPU
		{1C9CE28C-446D-46AF-9184-324E1DE4E6EC}.Release|Any CPU.Build.0 = Release|Any CPU
		{82F58CD1-B3B1-472E-ABDD-D27092F619DF}.Debug|Any CPU.ActiveCfg = Debug|Any CPU
		{82F58CD1-B3B1-472E-ABDD-D27092F619DF}.Debug|Any CPU.Build.0 = Debug|Any CPU
		{82F58CD1-B3B1-472E-ABDD-D27092F619DF}.Release|Any CPU.ActiveCfg = Release|Any CPU
		{82F58CD1-B3B1-472E-ABDD-D27092F619DF}.Release|Any CPU.Build.0 = Release|Any CPU
	EndGlobalSection
	GlobalSection(SolutionProperties) = preSolution
		HideSolutionNode = FALSE
	EndGlobalSection
	GlobalSection(ExtensibilityGlobals) = postSolution
		SolutionGuid = {24F5476A-C8DF-40FC-8321-BF12B2AAD23D}
	EndGlobalSection
EndGlobal
